
Microsoft Visual Studio Solution File, Format Version 12.00
# Visual Studio Version 17
VisualStudioVersion = 17.0.31903.59
MinimumVisualStudioVersion = 10.0.40219.1
Project("{9A19103F-16F7-4668-BE54-9A1E7A4F7556}") = "NexCommDAL", "NexCommDAL\NexCommDAL.csproj", "{409C9E76-39DF-4AF9-AA8D-A2CC19421D25}"
EndProject
Project("{9A19103F-16F7-4668-BE54-9A1E7A4F7556}") = "NexCommWebServices", "NexCommWebServices\NexCommWebServices.csproj", "{CEE03FD5-AF54-4316-A8D1-05713DA3B5D6}"
EndProject
Project("{FAE04EC0-301F-11D3-BF4B-00C04F79EFBC}") = "NexCommBusinessLayer", "NexCommBusinessLayer\NexCommBusinessLayer.csproj", "{A3702EB0-63BB-492A-AAEB-EAF5B3090B2A}"
EndProject
Project("{FAE04EC0-301F-11D3-BF4B-00C04F79EFBC}") = "Debug", "Debug\Debug.csproj", "{98067894-F2C5-44EC-973D-14D3E70C5603}"
EndProject
Project("{FAE04EC0-301F-11D3-BF4B-00C04F79EFBC}") = "NexCommDAL.Tests", "NexCommDAL.Tests\NexCommDAL.Tests.csproj", "{A15BAF19-FEBF-4C44-B000-5051F3E2E82D}"
EndProject
Project("{E24C65DC-7377-472B-9ABA-BC803B73C61A}") = "NexCommApp", "NexCommApp\", "{D58C8CA3-80A4-42CD-B640-AD422E5E4610}"
	ProjectSection(WebsiteProperties) = preProject
		TargetFrameworkMoniker = ".NETFramework,Version%3Dv4.8"
		Debug.AspNetCompiler.VirtualPath = "/localhost_53221"
		Debug.AspNetCompiler.PhysicalPath = "NexCommApp\"
		Debug.AspNetCompiler.TargetPath = "PrecompiledWeb\localhost_53221\"
		Debug.AspNetCompiler.Updateable = "true"
		Debug.AspNetCompiler.ForceOverwrite = "true"
		Debug.AspNetCompiler.FixedNames = "false"
		Debug.AspNetCompiler.Debug = "True"
		Release.AspNetCompiler.VirtualPath = "/localhost_53221"
		Release.AspNetCompiler.PhysicalPath = "NexCommApp\"
		Release.AspNetCompiler.TargetPath = "PrecompiledWeb\localhost_53221\"
		Release.AspNetCompiler.Updateable = "true"
		Release.AspNetCompiler.ForceOverwrite = "true"
		Release.AspNetCompiler.FixedNames = "false"
		Release.AspNetCompiler.Debug = "False"
		VWDPort = "53221"
		SlnRelativePath = "NexCommApp\"
	EndProjectSection
EndProject
Global
	GlobalSection(SolutionConfigurationPlatforms) = preSolution
		Debug|Any CPU = Debug|Any CPU
		Release|Any CPU = Release|Any CPU
	EndGlobalSection
	GlobalSection(ProjectConfigurationPlatforms) = postSolution
		{409C9E76-39DF-4AF9-AA8D-A2CC19421D25}.Debug|Any CPU.ActiveCfg = Debug|Any CPU
		{409C9E76-39DF-4AF9-AA8D-A2CC19421D25}.Debug|Any CPU.Build.0 = Debug|Any CPU
		{409C9E76-39DF-4AF9-AA8D-A2CC19421D25}.Release|Any CPU.ActiveCfg = Release|Any CPU
		{409C9E76-39DF-4AF9-AA8D-A2CC19421D25}.Release|Any CPU.Build.0 = Release|Any CPU
		{CEE03FD5-AF54-4316-A8D1-05713DA3B5D6}.Debug|Any CPU.ActiveCfg = Debug|Any CPU
		{CEE03FD5-AF54-4316-A8D1-05713DA3B5D6}.Debug|Any CPU.Build.0 = Debug|Any CPU
		{CEE03FD5-AF54-4316-A8D1-05713DA3B5D6}.Release|Any CPU.ActiveCfg = Release|Any CPU
		{CEE03FD5-AF54-4316-A8D1-05713DA3B5D6}.Release|Any CPU.Build.0 = Release|Any CPU
		{A3702EB0-63BB-492A-AAEB-EAF5B3090B2A}.Debug|Any CPU.ActiveCfg = Debug|Any CPU
		{A3702EB0-63BB-492A-AAEB-EAF5B3090B2A}.Debug|Any CPU.Build.0 = Debug|Any CPU
		{A3702EB0-63BB-492A-AAEB-EAF5B3090B2A}.Release|Any CPU.ActiveCfg = Release|Any CPU
		{A3702EB0-63BB-492A-AAEB-EAF5B3090B2A}.Release|Any CPU.Build.0 = Release|Any CPU
		{98067894-F2C5-44EC-973D-14D3E70C5603}.Debug|Any CPU.ActiveCfg = Debug|Any CPU
		{98067894-F2C5-44EC-973D-14D3E70C5603}.Debug|Any CPU.Build.0 = Debug|Any CPU
		{98067894-F2C5-44EC-973D-14D3E70C5603}.Release|Any CPU.ActiveCfg = Release|Any CPU
		{98067894-F2C5-44EC-973D-14D3E70C5603}.Release|Any CPU.Build.0 = Release|Any CPU
		{A15BAF19-FEBF-4C44-B000-5051F3E2E82D}.Debug|Any CPU.ActiveCfg = Debug|Any CPU
		{A15BAF19-FEBF-4C44-B000-5051F3E2E82D}.Debug|Any CPU.Build.0 = Debug|Any CPU
		{A15BAF19-FEBF-4C44-B000-5051F3E2E82D}.Release|Any CPU.ActiveCfg = Release|Any CPU
		{A15BAF19-FEBF-4C44-B000-5051F3E2E82D}.Release|Any CPU.Build.0 = Release|Any CPU
		{D58C8CA3-80A4-42CD-B640-AD422E5E4610}.Debug|Any CPU.ActiveCfg = Debug|Any CPU
		{D58C8CA3-80A4-42CD-B640-AD422E5E4610}.Debug|Any CPU.Build.0 = Debug|Any CPU
		{D58C8CA3-80A4-42CD-B640-AD422E5E4610}.Release|Any CPU.ActiveCfg = Debug|Any CPU
		{D58C8CA3-80A4-42CD-B640-AD422E5E4610}.Release|Any CPU.Build.0 = Debug|Any CPU
	EndGlobalSection
	GlobalSection(SolutionProperties) = preSolution
		HideSolutionNode = FALSE
	EndGlobalSection
	GlobalSection(ExtensibilityGlobals) = postSolution
		SolutionGuid = {4F246917-B344-4641-9A4F-5076907FC840}
	EndGlobalSection
EndGlobal
